// !$*UTF8*$!
{
	archiveVersion = 1;
	classes = {
	};
	objectVersion = 77;
	objects = {

/* Begin PBXContainerItemProxy section */
		A19AA1652CBD708500218C9F /* PBXContainerItemProxy */ = {
			isa = PBXContainerItemProxy;
			containerPortal = A19AA1462CBD708200218C9F /* Project object */;
			proxyType = 1;
			remoteGlobalIDString = A19AA14D2CBD708200218C9F;
			remoteInfo = "Robo Zen";
		};
		A19AA16F2CBD708500218C9F /* PBXContainerItemProxy */ = {
			isa = PBXContainerItemProxy;
			containerPortal = A19AA1462CBD708200218C9F /* Project object */;
			proxyType = 1;
			remoteGlobalIDString = A19AA14D2CBD708200218C9F;
			remoteInfo = "Robo Zen";
		};
/* End PBXContainerItemProxy section */

/* Begin PBXFileReference section */
		A19AA14E2CBD708200218C9F /* Robo Zen.app */ = {isa = PBXFileReference; explicitFileType = wrapper.application; includeInIndex = 0; path = "Robo Zen.app"; sourceTree = BUILT_PRODUCTS_DIR; };
		A19AA1642CBD708500218C9F /* Robo ZenTests.xctest */ = {isa = PBXFileReference; explicitFileType = wrapper.cfbundle; includeInIndex = 0; path = "Robo ZenTests.xctest"; sourceTree = BUILT_PRODUCTS_DIR; };
		A19AA16E2CBD708500218C9F /* Robo ZenUITests.xctest */ = {isa = PBXFileReference; explicitFileType = wrapper.cfbundle; includeInIndex = 0; path = "Robo ZenUITests.xctest"; sourceTree = BUILT_PRODUCTS_DIR; };
/* End PBXFileReference section */

/* Begin PBXFileSystemSynchronizedBuildFileExceptionSet section */
		A19AA1762CBD708500218C9F /* Exceptions for "Robo Zen" folder in "Robo Zen" target */ = {
			isa = PBXFileSystemSynchronizedBuildFileExceptionSet;
			membershipExceptions = (
				Info.plist,
			);
			target = A19AA14D2CBD708200218C9F /* Robo Zen */;
		};
/* End PBXFileSystemSynchronizedBuildFileExceptionSet section */

/* Begin PBXFileSystemSynchronizedRootGroup section */
		A19AA1502CBD708200218C9F /* Robo Zen */ = {
			isa = PBXFileSystemSynchronizedRootGroup;
			exceptions = (
				A19AA1762CBD708500218C9F /* Exceptions for "Robo Zen" folder in "Robo Zen" target */,
			);
			path = "Robo Zen";
			sourceTree = "<group>";
		};
		A19AA1672CBD708500218C9F /* Robo ZenTests */ = {
			isa = PBXFileSystemSynchronizedRootGroup;
			path = "Robo ZenTests";
			sourceTree = "<group>";
		};
		A19AA1712CBD708500218C9F /* Robo ZenUITests */ = {
			isa = PBXFileSystemSynchronizedRootGroup;
			path = "Robo ZenUITests";
			sourceTree = "<group>";
		};
/* End PBXFileSystemSynchronizedRootGroup section */

/* Begin PBXFrameworksBuildPhase section */
		A19AA14B2CBD708200218C9F /* Frameworks */ = {
			isa = PBXFrameworksBuildPhase;
			buildActionMask = 2147483647;
			files = (
			);
			runOnlyForDeploymentPostprocessing = 0;
		};
		A19AA1612CBD708500218C9F /* Frameworks */ = {
			isa = PBXFrameworksBuildPhase;
			buildActionMask = 2147483647;
			files = (
			);
			runOnlyForDeploymentPostprocessing = 0;
		};
		A19AA16B2CBD708500218C9F /* Frameworks */ = {
			isa = PBXFrameworksBuildPhase;
			buildActionMask = 2147483647;
			files = (
			);
			runOnlyForDeploymentPostprocessing = 0;
		};
/* End PBXFrameworksBuildPhase section */

/* Begin PBXGroup section */
		A19AA1452CBD708200218C9F = {
			isa = PBXGroup;
			children = (
				A19AA1502CBD708200218C9F /* Robo Zen */,
				A19AA1672CBD708500218C9F /* Robo ZenTests */,
				A19AA1712CBD708500218C9F /* Robo ZenUITests */,
				A19AA14F2CBD708200218C9F /* Products */,
			);
			sourceTree = "<group>";
		};
		A19AA14F2CBD708200218C9F /* Products */ = {
			isa = PBXGroup;
			children = (
				A19AA14E2CBD708200218C9F /* Robo Zen.app */,
				A19AA1642CBD708500218C9F /* Robo ZenTests.xctest */,
				A19AA16E2CBD708500218C9F /* Robo ZenUITests.xctest */,
			);
			name = Products;
			sourceTree = "<group>";
		};
/* End PBXGroup section */

/* Begin PBXNativeTarget section */
		A19AA14D2CBD708200218C9F /* Robo Zen */ = {
			isa = PBXNativeTarget;
			buildConfigurationList = A19AA1772CBD708500218C9F /* Build configuration list for PBXNativeTarget "Robo Zen" */;
			buildPhases = (
				A19AA14A2CBD708200218C9F /* Sources */,
				A19AA14B2CBD708200218C9F /* Frameworks */,
				A19AA14C2CBD708200218C9F /* Resources */,
			);
			buildRules = (
			);
			dependencies = (
			);
			fileSystemSynchronizedGroups = (
				A19AA1502CBD708200218C9F /* Robo Zen */,
			);
			name = "Robo Zen";
			packageProductDependencies = (
			);
			productName = "Robo Zen";
			productReference = A19AA14E2CBD708200218C9F /* Robo Zen.app */;
			productType = "com.apple.product-type.application";
		};
		A19AA1632CBD708500218C9F /* Robo ZenTests */ = {
			isa = PBXNativeTarget;
			buildConfigurationList = A19AA17C2CBD708500218C9F /* Build configuration list for PBXNativeTarget "Robo ZenTests" */;
			buildPhases = (
				A19AA1602CBD708500218C9F /* Sources */,
				A19AA1612CBD708500218C9F /* Frameworks */,
				A19AA1622CBD708500218C9F /* Resources */,
			);
			buildRules = (
			);
			dependencies = (
				A19AA1662CBD708500218C9F /* PBXTargetDependency */,
			);
			fileSystemSynchronizedGroups = (
				A19AA1672CBD708500218C9F /* Robo ZenTests */,
			);
			name = "Robo ZenTests";
			packageProductDependencies = (
			);
			productName = "Robo ZenTests";
			productReference = A19AA1642CBD708500218C9F /* Robo ZenTests.xctest */;
			productType = "com.apple.product-type.bundle.unit-test";
		};
		A19AA16D2CBD708500218C9F /* Robo ZenUITests */ = {
			isa = PBXNativeTarget;
			buildConfigurationList = A19AA17F2CBD708500218C9F /* Build configuration list for PBXNativeTarget "Robo ZenUITests" */;
			buildPhases = (
				A19AA16A2CBD708500218C9F /* Sources */,
				A19AA16B2CBD708500218C9F /* Frameworks */,
				A19AA16C2CBD708500218C9F /* Resources */,
			);
			buildRules = (
			);
			dependencies = (
				A19AA1702CBD708500218C9F /* PBXTargetDependency */,
			);
			fileSystemSynchronizedGroups = (
				A19AA1712CBD708500218C9F /* Robo ZenUITests */,
			);
			name = "Robo ZenUITests";
			packageProductDependencies = (
			);
			productName = "Robo ZenUITests";
			productReference = A19AA16E2CBD708500218C9F /* Robo ZenUITests.xctest */;
			productType = "com.apple.product-type.bundle.ui-testing";
		};
/* End PBXNativeTarget section */

/* Begin PBXProject section */
		A19AA1462CBD708200218C9F /* Project object */ = {
			isa = PBXProject;
			attributes = {
				BuildIndependentTargetsInParallel = 1;
				LastSwiftUpdateCheck = 1600;
				LastUpgradeCheck = 1600;
				TargetAttributes = {
					A19AA14D2CBD708200218C9F = {
						CreatedOnToolsVersion = 16.0;
					};
					A19AA1632CBD708500218C9F = {
						CreatedOnToolsVersion = 16.0;
						TestTargetID = A19AA14D2CBD708200218C9F;
					};
					A19AA16D2CBD708500218C9F = {
						CreatedOnToolsVersion = 16.0;
						TestTargetID = A19AA14D2CBD708200218C9F;
					};
				};
			};
			buildConfigurationList = A19AA1492CBD708200218C9F /* Build configuration list for PBXProject "Robo Zen" */;
			developmentRegion = en;
			hasScannedForEncodings = 0;
			knownRegions = (
				en,
				Base,
			);
			mainGroup = A19AA1452CBD708200218C9F;
			minimizedProjectReferenceProxies = 1;
			preferredProjectObjectVersion = 77;
			productRefGroup = A19AA14F2CBD708200218C9F /* Products */;
			projectDirPath = "";
			projectRoot = "";
			targets = (
				A19AA14D2CBD708200218C9F /* Robo Zen */,
				A19AA1632CBD708500218C9F /* Robo ZenTests */,
				A19AA16D2CBD708500218C9F /* Robo ZenUITests */,
			);
		};
/* End PBXProject section */

/* Begin PBXResourcesBuildPhase section */
		A19AA14C2CBD708200218C9F /* Resources */ = {
			isa = PBXResourcesBuildPhase;
			buildActionMask = 2147483647;
			files = (
			);
			runOnlyForDeploymentPostprocessing = 0;
		};
		A19AA1622CBD708500218C9F /* Resources */ = {
			isa = PBXResourcesBuildPhase;
			buildActionMask = 2147483647;
			files = (
			);
			runOnlyForDeploymentPostprocessing = 0;
		};
		A19AA16C2CBD708500218C9F /* Resources */ = {
			isa = PBXResourcesBuildPhase;
			buildActionMask = 2147483647;
			files = (
			);
			runOnlyForDeploymentPostprocessing = 0;
		};
/* End PBXResourcesBuildPhase section */

/* Begin PBXSourcesBuildPhase section */
		A19AA14A2CBD708200218C9F /* Sources */ = {
			isa = PBXSourcesBuildPhase;
			buildActionMask = 2147483647;
			files = (
			);
			runOnlyForDeploymentPostprocessing = 0;
		};
		A19AA1602CBD708500218C9F /* Sources */ = {
			isa = PBXSourcesBuildPhase;
			buildActionMask = 2147483647;
			files = (
			);
			runOnlyForDeploymentPostprocessing = 0;
		};
		A19AA16A2CBD708500218C9F /* Sources */ = {
			isa = PBXSourcesBuildPhase;
			buildActionMask = 2147483647;
			files = (
			);
			runOnlyForDeploymentPostprocessing = 0;
		};
/* End PBXSourcesBuildPhase section */

/* Begin PBXTargetDependency section */
		A19AA1662CBD708500218C9F /* PBXTargetDependency */ = {
			isa = PBXTargetDependency;
			target = A19AA14D2CBD708200218C9F /* Robo Zen */;
			targetProxy = A19AA1652CBD708500218C9F /* PBXContainerItemProxy */;
		};
		A19AA1702CBD708500218C9F /* PBXTargetDependency */ = {
			isa = PBXTargetDependency;
			target = A19AA14D2CBD708200218C9F /* Robo Zen */;
			targetProxy = A19AA16F2CBD708500218C9F /* PBXContainerItemProxy */;
		};
/* End PBXTargetDependency section */

/* Begin XCBuildConfiguration section */
		A19AA1782CBD708500218C9F /* Debug */ = {
			isa = XCBuildConfiguration;
			buildSettings = {
				ASSETCATALOG_COMPILER_APPICON_NAME = AppIcon;
				ASSETCATALOG_COMPILER_GLOBAL_ACCENT_COLOR_NAME = AccentColor;
				CODE_SIGN_STYLE = Automatic;
				CURRENT_PROJECT_VERSION = 1;
				GENERATE_INFOPLIST_FILE = YES;
				INFOPLIST_FILE = "Robo Zen/Info.plist";
				INFOPLIST_KEY_UIApplicationSupportsIndirectInputEvents = YES;
				INFOPLIST_KEY_UILaunchStoryboardName = LaunchScreen;
				INFOPLIST_KEY_UISupportedInterfaceOrientations_iPad = "UIInterfaceOrientationPortrait UIInterfaceOrientationPortraitUpsideDown UIInterfaceOrientationLandscapeLeft UIInterfaceOrientationLandscapeRight";
				INFOPLIST_KEY_UISupportedInterfaceOrientations_iPhone = "UIInterfaceOrientationPortrait UIInterfaceOrientationLandscapeLeft UIInterfaceOrientationLandscapeRight";
				LD_RUNPATH_SEARCH_PATHS = (
					"$(inherited)",
					"@executable_path/Frameworks",
				);
				MARKETING_VERSION = 1.0;
				PRODUCT_BUNDLE_IDENTIFIER = "roboZen.Robo-Zen";
				PRODUCT_NAME = "$(TARGET_NAME)";
				SWIFT_EMIT_LOC_STRINGS = YES;
				SWIFT_VERSION = 5.0;
				TARGETED_DEVICE_FAMILY = "1,2";
			};
			name = Debug;
		};
		A19AA1792CBD708500218C9F /* Release */ = {
			isa = XCBuildConfiguration;
			buildSettings = {
				ASSETCATALOG_COMPILER_APPICON_NAME = AppIcon;
				ASSETCATALOG_COMPILER_GLOBAL_ACCENT_COLOR_NAME = AccentColor;
				CODE_SIGN_STYLE = Automatic;
				CURRENT_PROJECT_VERSION = 1;
				GENERATE_INFOPLIST_FILE = YES;
				INFOPLIST_FILE = "Robo Zen/Info.plist";
				INFOPLIST_KEY_UIApplicationSupportsIndirectInputEvents = YES;
				INFOPLIST_KEY_UILaunchStoryboardName = LaunchScreen;
				INFOPLIST_KEY_UISupportedInterfaceOrientations_iPad = "UIInterfaceOrientationPortrait UIInterfaceOrientationPortraitUpsideDown UIInterfaceOrientationLandscapeLeft UIInterfaceOrientationLandscapeRight";
				INFOPLIST_KEY_UISupportedInterfaceOrientations_iPhone = "UIInterfaceOrientationPortrait UIInterfaceOrientationLandscapeLeft UIInterfaceOrientationLandscapeRight";
				LD_RUNPATH_SEARCH_PATHS = (
					"$(inherited)",
					"@executable_path/Frameworks",
				);
				MARKETING_VERSION = 1.0;
				PRODUCT_BUNDLE_IDENTIFIER = "roboZen.Robo-Zen";
				PRODUCT_NAME = "$(TARGET_NAME)";
				SWIFT_EMIT_LOC_STRINGS = YES;
				SWIFT_VERSION = 5.0;
				TARGETED_DEVICE_FAMILY = "1,2";
			};
			name = Release;
		};
		A19AA17A2CBD708500218C9F /* Debug */ = {
			isa = XCBuildConfiguration;
			buildSettings = {
				ALWAYS_SEARCH_USER_PATHS = NO;
				ASSETCATALOG_COMPILER_GENERATE_SWIFT_ASSET_SYMBOL_EXTENSIONS = YES;
				CLANG_ANALYZER_NONNULL = YES;
				CLANG_ANALYZER_NUMBER_OBJECT_CONVERSION = YES_AGGRESSIVE;
				CLANG_CXX_LANGUAGE_STANDARD = "gnu++20";
				CLANG_ENABLE_MODULES = YES;
				CLANG_ENABLE_OBJC_ARC = YES;
				CLANG_ENABLE_OBJC_WEAK = YES;
				CLANG_WARN_BLOCK_CAPTURE_AUTORELEASING = YES;
				CLANG_WARN_BOOL_CONVERSION = YES;
				CLANG_WARN_COMMA = YES;
				CLANG_WARN_CONSTANT_CONVERSION = YES;
				CLANG_WARN_DEPRECATED_OBJC_IMPLEMENTATIONS = YES;
				CLANG_WARN_DIRECT_OBJC_ISA_USAGE = YES_ERROR;
				CLANG_WARN_DOCUMENTATION_COMMENTS = YES;
				CLANG_WARN_EMPTY_BODY = YES;
				CLANG_WARN_ENUM_CONVERSION = YES;
				CLANG_WARN_INFINITE_RECURSION = YES;
				CLANG_WARN_INT_CONVERSION = YES;
				CLANG_WARN_NON_LITERAL_NULL_CONVERSION = YES;
				CLANG_WARN_OBJC_IMPLICIT_RETAIN_SELF = YES;
				CLANG_WARN_OBJC_LITERAL_CONVERSION = YES;
				CLANG_WARN_OBJC_ROOT_CLASS = YES_ERROR;
				CLANG_WARN_QUOTED_INCLUDE_IN_FRAMEWORK_HEADER = YES;
				CLANG_WARN_RANGE_LOOP_ANALYSIS = YES;
				CLANG_WARN_STRICT_PROTOTYPES = YES;
				CLANG_WARN_SUSPICIOUS_MOVE = YES;
				CLANG_WARN_UNGUARDED_AVAILABILITY = YES_AGGRESSIVE;
				CLANG_WARN_UNREACHABLE_CODE = YES;
				CLANG_WARN__DUPLICATE_METHOD_MATCH = YES;
				COPY_PHASE_STRIP = NO;
				DEBUG_INFORMATION_FORMAT = dwarf;
				ENABLE_STRICT_OBJC_MSGSEND = YES;
				ENABLE_TESTABILITY = YES;
				ENABLE_USER_SCRIPT_SANDBOXING = YES;
				GCC_C_LANGUAGE_STANDARD = gnu17;
				GCC_DYNAMIC_NO_PIC = NO;
				GCC_NO_COMMON_BLOCKS = YES;
				GCC_OPTIMIZATION_LEVEL = 0;
				GCC_PREPROCESSOR_DEFINITIONS = (
					"DEBUG=1",
					"$(inherited)",
				);
				GCC_WARN_64_TO_32_BIT_CONVERSION = YES;
				GCC_WARN_ABOUT_RETURN_TYPE = YES_ERROR;
				GCC_WARN_UNDECLARED_SELECTOR = YES;
				GCC_WARN_UNINITIALIZED_AUTOS = YES_AGGRESSIVE;
				GCC_WARN_UNUSED_FUNCTION = YES;
				GCC_WARN_UNUSED_VARIABLE = YES;
				"INFOPLIST_FILE[sdk=*]" = "";
				IPHONEOS_DEPLOYMENT_TARGET = 18.0;
				LOCALIZATION_PREFERS_STRING_CATALOGS = YES;
				MTL_ENABLE_DEBUG_INFO = INCLUDE_SOURCE;
				MTL_FAST_MATH = YES;
				ONLY_ACTIVE_ARCH = YES;
				SDKROOT = iphoneos;
				SWIFT_ACTIVE_COMPILATION_CONDITIONS = "DEBUG $(inherited)";
				SWIFT_OPTIMIZATION_LEVEL = "-Onone";
			};
			name = Debug;
		};
		A19AA17B2CBD708500218C9F /* Release */ = {
			isa = XCBuildConfiguration;
			buildSettings = {
				ALWAYS_SEARCH_USER_PATHS = NO;
				ASSETCATALOG_COMPILER_GENERATE_SWIFT_ASSET_SYMBOL_EXTENSIONS = YES;
				CLANG_ANALYZER_NONNULL = YES;
				CLANG_ANALYZER_NUMBER_OBJECT_CONVERSION = YES_AGGRESSIVE;
				CLANG_CXX_LANGUAGE_STANDARD = "gnu++20";
				CLANG_ENABLE_MODULES = YES;
				CLANG_ENABLE_OBJC_ARC = YES;
				CLANG_ENABLE_OBJC_WEAK = YES;
				CLANG_WARN_BLOCK_CAPTURE_AUTORELEASING = YES;
				CLANG_WARN_BOOL_CONVERSION = YES;
				CLANG_WARN_COMMA = YES;
				CLANG_WARN_CONSTANT_CONVERSION = YES;
				CLANG_WARN_DEPRECATED_OBJC_IMPLEMENTATIONS = YES;
				CLANG_WARN_DIRECT_OBJC_ISA_USAGE = YES_ERROR;
				CLANG_WARN_DOCUMENTATION_COMMENTS = YES;
				CLANG_WARN_EMPTY_BODY = YES;
				CLANG_WARN_ENUM_CONVERSION = YES;
				CLANG_WARN_INFINITE_RECURSION = YES;
				CLANG_WARN_INT_CONVERSION = YES;
				CLANG_WARN_NON_LITERAL_NULL_CONVERSION = YES;
				CLANG_WARN_OBJC_IMPLICIT_RETAIN_SELF = YES;
				CLANG_WARN_OBJC_LITERAL_CONVERSION = YES;
				CLANG_WARN_OBJC_ROOT_CLASS = YES_ERROR;
				CLANG_WARN_QUOTED_INCLUDE_IN_FRAMEWORK_HEADER = YES;
				CLANG_WARN_RANGE_LOOP_ANALYSIS = YES;
				CLANG_WARN_STRICT_PROTOTYPES = YES;
				CLANG_WARN_SUSPICIOUS_MOVE = YES;
				CLANG_WARN_UNGUARDED_AVAILABILITY = YES_AGGRESSIVE;
				CLANG_WARN_UNREACHABLE_CODE = YES;
				CLANG_WARN__DUPLICATE_METHOD_MATCH = YES;
				COPY_PHASE_STRIP = NO;
				DEBUG_INFORMATION_FORMAT = "dwarf-with-dsym";
				ENABLE_NS_ASSERTIONS = NO;
				ENABLE_STRICT_OBJC_MSGSEND = YES;
				ENABLE_USER_SCRIPT_SANDBOXING = YES;
				GCC_C_LANGUAGE_STANDARD = gnu17;
				GCC_NO_COMMON_BLOCKS = YES;
				GCC_WARN_64_TO_32_BIT_CONVERSION = YES;
				GCC_WARN_ABOUT_RETURN_TYPE = YES_ERROR;
				GCC_WARN_UNDECLARED_SELECTOR = YES;
				GCC_WARN_UNINITIALIZED_AUTOS = YES_AGGRESSIVE;
				GCC_WARN_UNUSED_FUNCTION = YES;
				GCC_WARN_UNUSED_VARIABLE = YES;
				"INFOPLIST_FILE[sdk=*]" = "";
				IPHONEOS_DEPLOYMENT_TARGET = 18.0;
				LOCALIZATION_PREFERS_STRING_CATALOGS = YES;
				MTL_ENABLE_DEBUG_INFO = NO;
				MTL_FAST_MATH = YES;
				SDKROOT = iphoneos;
				SWIFT_COMPILATION_MODE = wholemodule;
				VALIDATE_PRODUCT = YES;
			};
			name = Release;
		};
		A19AA17D2CBD708500218C9F /* Debug */ = {
			isa = XCBuildConfiguration;
			buildSettings = {
				BUNDLE_LOADER = "$(TEST_HOST)";
				CODE_SIGN_STYLE = Automatic;
				CURRENT_PROJECT_VERSION = 1;
				GENERATE_INFOPLIST_FILE = YES;
				IPHONEOS_DEPLOYMENT_TARGET = 18.0;
				MARKETING_VERSION = 1.0;
				PRODUCT_BUNDLE_IDENTIFIER = "roboZen.Robo-ZenTests";
				PRODUCT_NAME = "$(TARGET_NAME)";
				SWIFT_EMIT_LOC_STRINGS = NO;
				SWIFT_VERSION = 5.0;
				TARGETED_DEVICE_FAMILY = "1,2";
				TEST_HOST = "$(BUILT_PRODUCTS_DIR)/Robo Zen.app/$(BUNDLE_EXECUTABLE_FOLDER_PATH)/Robo Zen";
			};
			name = Debug;
		};
		A19AA17E2CBD708500218C9F /* Release */ = {
			isa = XCBuildConfiguration;
			buildSettings = {
				BUNDLE_LOADER = "$(TEST_HOST)";
				CODE_SIGN_STYLE = Automatic;
				CURRENT_PROJECT_VERSION = 1;
				GENERATE_INFOPLIST_FILE = YES;
				IPHONEOS_DEPLOYMENT_TARGET = 18.0;
				MARKETING_VERSION = 1.0;
				PRODUCT_BUNDLE_IDENTIFIER = "roboZen.Robo-ZenTests";
				PRODUCT_NAME = "$(TARGET_NAME)";
				SWIFT_EMIT_LOC_STRINGS = NO;
				SWIFT_VERSION = 5.0;
				TARGETED_DEVICE_FAMILY = "1,2";
				TEST_HOST = "$(BUILT_PRODUCTS_DIR)/Robo Zen.app/$(BUNDLE_EXECUTABLE_FOLDER_PATH)/Robo Zen";
			};
			name = Release;
		};
		A19AA1802CBD708500218C9F /* Debug */ = {
			isa = XCBuildConfiguration;
			buildSettings = {
				CODE_SIGN_STYLE = Automatic;
				CURRENT_PROJECT_VERSION = 1;
				GENERATE_INFOPLIST_FILE = YES;
				MARKETING_VERSION = 1.0;
				PRODUCT_BUNDLE_IDENTIFIER = "roboZen.Robo-ZenUITests";
				PRODUCT_NAME = "$(TARGET_NAME)";
				SWIFT_EMIT_LOC_STRINGS = NO;
				SWIFT_VERSION = 5.0;
				TARGETED_DEVICE_FAMILY = "1,2";
				TEST_TARGET_NAME = "Robo Zen";
			};
			name = Debug;
		};
		A19AA1812CBD708500218C9F /* Release */ = {
			isa = XCBuildConfiguration;
			buildSettings = {
				CODE_SIGN_STYLE = Automatic;
				CURRENT_PROJECT_VERSION = 1;
				GENERATE_INFOPLIST_FILE = YES;
				MARKETING_VERSION = 1.0;
				PRODUCT_BUNDLE_IDENTIFIER = "roboZen.Robo-ZenUITests";
				PRODUCT_NAME = "$(TARGET_NAME)";
				SWIFT_EMIT_LOC_STRINGS = NO;
				SWIFT_VERSION = 5.0;
				TARGETED_DEVICE_FAMILY = "1,2";
				TEST_TARGET_NAME = "Robo Zen";
			};
			name = Release;
		};
/* End XCBuildConfiguration section */

/* Begin XCConfigurationList section */
		A19AA1492CBD708200218C9F /* Build configuration list for PBXProject "Robo Zen" */ = {
			isa = XCConfigurationList;
			buildConfigurations = (
				A19AA17A2CBD708500218C9F /* Debug */,
				A19AA17B2CBD708500218C9F /* Release */,
			);
			defaultConfigurationIsVisible = 0;
			defaultConfigurationName = Release;
		};
		A19AA1772CBD708500218C9F /* Build configuration list for PBXNativeTarget "Robo Zen" */ = {
			isa = XCConfigurationList;
			buildConfigurations = (
				A19AA1782CBD708500218C9F /* Debug */,
				A19AA1792CBD708500218C9F /* Release */,
			);
			defaultConfigurationIsVisible = 0;
			defaultConfigurationName = Release;
		};
		A19AA17C2CBD708500218C9F /* Build configuration list for PBXNativeTarget "Robo ZenTests" */ = {
			isa = XCConfigurationList;
			buildConfigurations = (
				A19AA17D2CBD708500218C9F /* Debug */,
				A19AA17E2CBD708500218C9F /* Release */,
			);
			defaultConfigurationIsVisible = 0;
			defaultConfigurationName = Release;
		};
		A19AA17F2CBD708500218C9F /* Build configuration list for PBXNativeTarget "Robo ZenUITests" */ = {
			isa = XCConfigurationList;
			buildConfigurations = (
				A19AA1802CBD708500218C9F /* Debug */,
				A19AA1812CBD708500218C9F /* Release */,
			);
			defaultConfigurationIsVisible = 0;
			defaultConfigurationName = Release;
		};
/* End XCConfigurationList section */
	};
	rootObject = A19AA1462CBD708200218C9F /* Project object */;
}
